
Microsoft Visual Studio Solution File, Format Version 12.00
# Visual Studio Version 17
VisualStudioVersion = 17.14.37411.7 d17.14
MinimumVisualStudioVersion = 10.0.40219.1
Project("{FAE04EC0-301F-11D3-BF4B-00C04F79EFBC}") = "BlokChein", "BlokChein\BlokChein.csproj", "{CFA9BF95-E9A7-40F7-B0AB-CF7978A0C87E}"
EndProject
Global
	GlobalSection(SolutionConfigurationPlatforms) = preSolution
		Debug|Any CPU = Debug|Any CPU
		Release|Any CPU = Release|Any CPU
	EndGlobalSection
	GlobalSection(ProjectConfigurationPlatforms) = postSolution
		{CFA9BF95-E9A7-40F7-B0AB-CF7978A0C87E}.Debug|Any CPU.ActiveCfg = Debug|Any CPU
		{CFA9BF95-E9A7-40F7-B0AB-CF7978A0C87E}.Debug|Any CPU.Build.0 = Debug|Any CPU
		{CFA9BF95-E9A7-40F7-B0AB-CF7978A0C87E}.Release|Any CPU.ActiveCfg = Release|Any CPU
		{CFA9BF95-E9A7-40F7-B0AB-CF7978A0C87E}.Release|Any CPU.Build.0 = Release|Any CPU
	EndGlobalSection
	GlobalSection(SolutionProperties) = preSolution
		HideSolutionNode = FALSE
	EndGlobalSection
	GlobalSection(ExtensibilityGlobals) = postSolution
		SolutionGuid = {FE4C12E4-F377-4198-AD1D-499861D32A2D}
	EndGlobalSection
EndGlobal
